{
  "originHash" : "37e3b53e98488aef9f6d0bd8fc9782daaca267123e06d48f238e7e3bb04396bb",
  "pins" : [
    {
      "identity" : "swift-argument-parser",
      "kind" : "remoteSourceControl",
      "location" : "https://github.com/apple/swift-argument-parser.git",
      "state" : {
        "revision" : "6a52f3251125d74daf04fcbd5e6f08a75d074382",
        "version" : "1.8.2"
      }
    },
    {
      "identity" : "swift-asn1",
      "kind" : "remoteSourceControl",
      "location" : "https://github.com/apple/swift-asn1.git",
      "state" : {
        "revision" : "a9a5efd40eaf558a2bcd48d64b1d1646be686008",
        "version" : "1.7.1"
      }
    },
    {
      "identity" : "swift-crypto",
      "kind" : "remoteSourceControl",
      "location" : "https://github.com/rorkai/swift-crypto.git",
      "state" : {
        "revision" : "f171fca4c1718d685c495350fe9136a3fda6f262",
        "version" : "4.5.0-rork.1"
      }
    },
    {
      "identity" : "swift-log",
      "kind" : "remoteSourceControl",
      "location" : "https://github.com/apple/swift-log.git",
      "state" : {
        "revision" : "92448c359f00ebe36ae97d3bd9086f13c7692b5a",
        "version" : "1.13.2"
      }
    },
    {
      "identity" : "swift-system",
      "kind" : "remoteSourceControl",
      "location" : "https://github.com/apple/swift-system.git",
      "state" : {
        "revision" : "7502b711c92a17741fa625d722b0ccbd595d8ed1",
        "version" : "1.7.2"
      }
    },
    {
      "identity" : "swift-zip-archive",
      "kind" : "remoteSourceControl",
      "location" : "https://github.com/rorkai/swift-zip-archive.git",
      "state" : {
        "revision" : "a611fb98910fc3b933b03c57b19a379af7efe7cf",
        "version" : "0.8.1-rork.2"
      }
    }
  ],
  "version" : 3
}
